{
  "originHash" : "616591734b8a4dfd32d5d8fa8738a2e657dc857b1ccfa6f3dc54ba2b48e7de69",
  "pins" : [
    {
      "identity" : "factory",
      "kind" : "remoteSourceControl",
      "location" : "https://github.com/hmlongco/Factory.git",
      "state" : {
        "branch" : "develop",
        "revision" : "c2db8bcc407b3b6121f1ff6d1ba8594e2e616f81"
      }
    },
    {
      "identity" : "swift-syntax",
      "kind" : "remoteSourceControl",
      "location" : "https://github.com/swiftlang/swift-syntax.git",
      "state" : {
        "revision" : "f99ae8aa18f0cf0d53481901f88a0991dc3bd4a2",
        "version" : "601.0.1"
      }
    }
  ],
  "version" : 3
}
